
Microsoft Visual Studio Solution File, Format Version 12.00
# Visual Studio Version 16
VisualStudioVersion = 16.0.28721.148
MinimumVisualStudioVersion = 15.0.26124.0
Project("{9A19103F-16F7-4668-BE54-9A1E7A4F7556}") = "Core", "Core\Core.csproj", "{F1C01EB2-D6B9-4A51-A8F5-CA14F75E25EF}"
	ProjectSection(ProjectDependencies) = postProject
		{9870B337-0C0A-4BEA-B80F-FA70F12744BD} = {9870B337-0C0A-4BEA-B80F-FA70F12744BD}
		{DA123868-1D3C-4A30-9F56-DFC09809371F} = {DA123868-1D3C-4A30-9F56-DFC09809371F}
		{D22C8AE1-D42E-4906-B0B9-12C54212D4B2} = {D22C8AE1-D42E-4906-B0B9-12C54212D4B2}
	EndProjectSection
EndProject
Project("{9A19103F-16F7-4668-BE54-9A1E7A4F7556}") = "ConsoleServer", "ConsoleServer\ConsoleServer.csproj", "{61C8127A-4F97-4A86-81B7-05F0506E4449}"
	ProjectSection(ProjectDependencies) = postProject
		{F1C01EB2-D6B9-4A51-A8F5-CA14F75E25EF} = {F1C01EB2-D6B9-4A51-A8F5-CA14F75E25EF}
		{17BDD9E6-3194-4E63-88B9-E46342D2CB65} = {17BDD9E6-3194-4E63-88B9-E46342D2CB65}
	EndProjectSection
EndProject
Project("{9A19103F-16F7-4668-BE54-9A1E7A4F7556}") = "CoreGame", "Game\CoreGame.csproj", "{17BDD9E6-3194-4E63-88B9-E46342D2CB65}"
EndProject
Project("{9A19103F-16F7-4668-BE54-9A1E7A4F7556}") = "EQS", "Submodules\EQS\EQS\EQS.csproj", "{9870B337-0C0A-4BEA-B80F-FA70F12744BD}"
EndProject
Project("{9A19103F-16F7-4668-BE54-9A1E7A4F7556}") = "NUnitTestEQS", "Submodules\EQS\NUnitTestEQS\NUnitTestEQS.csproj", "{BA7C2434-3D92-4021-B4F1-BB53B207CC65}"
EndProject
Project("{9A19103F-16F7-4668-BE54-9A1E7A4F7556}") = "PGB", "Submodules\PGB\PGB\PGB.csproj", "{D22C8AE1-D42E-4906-B0B9-12C54212D4B2}"
EndProject
Project("{9A19103F-16F7-4668-BE54-9A1E7A4F7556}") = "SharpNav", "Submodules\SharpNav\SharpNav\SharpNav.csproj", "{DA123868-1D3C-4A30-9F56-DFC09809371F}"
EndProject
Project("{FAE04EC0-301F-11D3-BF4B-00C04F79EFBC}") = "SharpNav.Examples", "Viewer\SharpNav.Examples.csproj", "{BB34F8C4-CE09-44C1-9883-77B4EFBE371F}"
EndProject
Global
	GlobalSection(SolutionConfigurationPlatforms) = preSolution
		Debug|Any CPU = Debug|Any CPU
		Debug|x64 = Debug|x64
		Debug|x86 = Debug|x86
		OpenTK|Any CPU = OpenTK|Any CPU
		OpenTK|x64 = OpenTK|x64
		OpenTK|x86 = OpenTK|x86
		Release|Any CPU = Release|Any CPU
		Release|x64 = Release|x64
		Release|x86 = Release|x86
		Standalone|Any CPU = Standalone|Any CPU
		Standalone|x64 = Standalone|x64
		Standalone|x86 = Standalone|x86
	EndGlobalSection
	GlobalSection(ProjectConfigurationPlatforms) = postSolution
		{F1C01EB2-D6B9-4A51-A8F5-CA14F75E25EF}.Debug|Any CPU.ActiveCfg = Debug|Any CPU
		{F1C01EB2-D6B9-4A51-A8F5-CA14F75E25EF}.Debug|Any CPU.Build.0 = Debug|Any CPU
		{F1C01EB2-D6B9-4A51-A8F5-CA14F75E25EF}.Debug|x64.ActiveCfg = Debug|Any CPU
		{F1C01EB2-D6B9-4A51-A8F5-CA14F75E25EF}.Debug|x64.Build.0 = Debug|Any CPU
		{F1C01EB2-D6B9-4A51-A8F5-CA14F75E25EF}.Debug|x86.ActiveCfg = Debug|Any CPU
		{F1C01EB2-D6B9-4A51-A8F5-CA14F75E25EF}.Debug|x86.Build.0 = Debug|Any CPU
		{F1C01EB2-D6B9-4A51-A8F5-CA14F75E25EF}.OpenTK|Any CPU.ActiveCfg = Release|Any CPU
		{F1C01EB2-D6B9-4A51-A8F5-CA14F75E25EF}.OpenTK|Any CPU.Build.0 = Release|Any CPU
		{F1C01EB2-D6B9-4A51-A8F5-CA14F75E25EF}.OpenTK|x64.ActiveCfg = Release|Any CPU
		{F1C01EB2-D6B9-4A51-A8F5-CA14F75E25EF}.OpenTK|x64.Build.0 = Release|Any CPU
		{F1C01EB2-D6B9-4A51-A8F5-CA14F75E25EF}.OpenTK|x86.ActiveCfg = Release|Any CPU
		{F1C01EB2-D6B9-4A51-A8F5-CA14F75E25EF}.OpenTK|x86.Build.0 = Release|Any CPU
		{F1C01EB2-D6B9-4A51-A8F5-CA14F75E25EF}.Release|Any CPU.ActiveCfg = Release|Any CPU
		{F1C01EB2-D6B9-4A51-A8F5-CA14F75E25EF}.Release|Any CPU.Build.0 = Release|Any CPU
		{F1C01EB2-D6B9-4A51-A8F5-CA14F75E25EF}.Release|x64.ActiveCfg = Release|Any CPU
		{F1C01EB2-D6B9-4A51-A8F5-CA14F75E25EF}.Release|x64.Build.0 = Release|Any CPU
		{F1C01EB2-D6B9-4A51-A8F5-CA14F75E25EF}.Release|x86.ActiveCfg = Release|Any CPU
		{F1C01EB2-D6B9-4A51-A8F5-CA14F75E25EF}.Release|x86.Build.0 = Release|Any CPU
		{F1C01EB2-D6B9-4A51-A8F5-CA14F75E25EF}.Standalone|Any CPU.ActiveCfg = Release|Any CPU
		{F1C01EB2-D6B9-4A51-A8F5-CA14F75E25EF}.Standalone|Any CPU.Build.0 = Release|Any CPU
		{F1C01EB2-D6B9-4A51-A8F5-CA14F75E25EF}.Standalone|x64.ActiveCfg = Release|Any CPU
		{F1C01EB2-D6B9-4A51-A8F5-CA14F75E25EF}.Standalone|x64.Build.0 = Release|Any CPU
		{F1C01EB2-D6B9-4A51-A8F5-CA14F75E25EF}.Standalone|x86.ActiveCfg = Release|Any CPU
		{F1C01EB2-D6B9-4A51-A8F5-CA14F75E25EF}.Standalone|x86.Build.0 = Release|Any CPU
		{61C8127A-4F97-4A86-81B7-05F0506E4449}.Debug|Any CPU.ActiveCfg = Debug|Any CPU
		{61C8127A-4F97-4A86-81B7-05F0506E4449}.Debug|Any CPU.Build.0 = Debug|Any CPU
		{61C8127A-4F97-4A86-81B7-05F0506E4449}.Debug|x64.ActiveCfg = Debug|Any CPU
		{61C8127A-4F97-4A86-81B7-05F0506E4449}.Debug|x64.Build.0 = Debug|Any CPU
		{61C8127A-4F97-4A86-81B7-05F0506E4449}.Debug|x86.ActiveCfg = Debug|Any CPU
		{61C8127A-4F97-4A86-81B7-05F0506E4449}.Debug|x86.Build.0 = Debug|Any CPU
		{61C8127A-4F97-4A86-81B7-05F0506E4449}.OpenTK|Any CPU.ActiveCfg = Release|Any CPU
		{61C8127A-4F97-4A86-81B7-05F0506E4449}.OpenTK|Any CPU.Build.0 = Release|Any CPU
		{61C8127A-4F97-4A86-81B7-05F0506E4449}.OpenTK|x64.ActiveCfg = Release|Any CPU
		{61C8127A-4F97-4A86-81B7-05F0506E4449}.OpenTK|x64.Build.0 = Release|Any CPU
		{61C8127A-4F97-4A86-81B7-05F0506E4449}.OpenTK|x86.ActiveCfg = Release|Any CPU
		{61C8127A-4F97-4A86-81B7-05F0506E4449}.OpenTK|x86.Build.0 = Release|Any CPU
		{61C8127A-4F97-4A86-81B7-05F0506E4449}.Release|Any CPU.ActiveCfg = Release|Any CPU
		{61C8127A-4F97-4A86-81B7-05F0506E4449}.Release|Any CPU.Build.0 = Release|Any CPU
		{61C8127A-4F97-4A86-81B7-05F0506E4449}.Release|x64.ActiveCfg = Release|Any CPU
		{61C8127A-4F97-4A86-81B7-05F0506E4449}.Release|x64.Build.0 = Release|Any CPU
		{61C8127A-4F97-4A86-81B7-05F0506E4449}.Release|x86.ActiveCfg = Release|Any CPU
		{61C8127A-4F97-4A86-81B7-05F0506E4449}.Release|x86.Build.0 = Release|Any CPU
		{61C8127A-4F97-4A86-81B7-05F0506E4449}.Standalone|Any CPU.ActiveCfg = Release|Any CPU
		{61C8127A-4F97-4A86-81B7-05F0506E4449}.Standalone|Any CPU.Build.0 = Release|Any CPU
		{61C8127A-4F97-4A86-81B7-05F0506E4449}.Standalone|x64.ActiveCfg = Release|Any CPU
		{61C8127A-4F97-4A86-81B7-05F0506E4449}.Standalone|x64.Build.0 = Release|Any CPU
		{61C8127A-4F97-4A86-81B7-05F0506E4449}.Standalone|x86.ActiveCfg = Release|Any CPU
		{61C8127A-4F97-4A86-81B7-05F0506E4449}.Standalone|x86.Build.0 = Release|Any CPU
		{17BDD9E6-3194-4E63-88B9-E46342D2CB65}.Debug|Any CPU.ActiveCfg = Debug|Any CPU
		{17BDD9E6-3194-4E63-88B9-E46342D2CB65}.Debug|Any CPU.Build.0 = Debug|Any CPU
		{17BDD9E6-3194-4E63-88B9-E46342D2CB65}.Debug|x64.ActiveCfg = Debug|Any CPU
		{17BDD9E6-3194-4E63-88B9-E46342D2CB65}.Debug|x64.Build.0 = Debug|Any CPU
		{17BDD9E6-3194-4E63-88B9-E46342D2CB65}.Debug|x86.ActiveCfg = Debug|Any CPU
		{17BDD9E6-3194-4E63-88B9-E46342D2CB65}.Debug|x86.Build.0 = Debug|Any CPU
		{17BDD9E6-3194-4E63-88B9-E46342D2CB65}.OpenTK|Any CPU.ActiveCfg = Release|Any CPU
		{17BDD9E6-3194-4E63-88B9-E46342D2CB65}.OpenTK|Any CPU.Build.0 = Release|Any CPU
		{17BDD9E6-3194-4E63-88B9-E46342D2CB65}.OpenTK|x64.ActiveCfg = Release|Any CPU
		{17BDD9E6-3194-4E63-88B9-E46342D2CB65}.OpenTK|x64.Build.0 = Release|Any CPU
		{17BDD9E6-3194-4E63-88B9-E46342D2CB65}.OpenTK|x86.ActiveCfg = Release|Any CPU
		{17BDD9E6-3194-4E63-88B9-E46342D2CB65}.OpenTK|x86.Build.0 = Release|Any CPU
		{17BDD9E6-3194-4E63-88B9-E46342D2CB65}.Release|Any CPU.ActiveCfg = Release|Any CPU
		{17BDD9E6-3194-4E63-88B9-E46342D2CB65}.Release|Any CPU.Build.0 = Release|Any CPU
		{17BDD9E6-3194-4E63-88B9-E46342D2CB65}.Release|x64.ActiveCfg = Release|Any CPU
		{17BDD9E6-3194-4E63-88B9-E46342D2CB65}.Release|x64.Build.0 = Release|Any CPU
		{17BDD9E6-3194-4E63-88B9-E46342D2CB65}.Release|x86.ActiveCfg = Release|Any CPU
		{17BDD9E6-3194-4E63-88B9-E46342D2CB65}.Release|x86.Build.0 = Release|Any CPU
		{17BDD9E6-3194-4E63-88B9-E46342D2CB65}.Standalone|Any CPU.ActiveCfg = Release|Any CPU
		{17BDD9E6-3194-4E63-88B9-E46342D2CB65}.Standalone|Any CPU.Build.0 = Release|Any CPU
		{17BDD9E6-3194-4E63-88B9-E46342D2CB65}.Standalone|x64.ActiveCfg = Release|Any CPU
		{17BDD9E6-3194-4E63-88B9-E46342D2CB65}.Standalone|x64.Build.0 = Release|Any CPU
		{17BDD9E6-3194-4E63-88B9-E46342D2CB65}.Standalone|x86.ActiveCfg = Release|Any CPU
		{17BDD9E6-3194-4E63-88B9-E46342D2CB65}.Standalone|x86.Build.0 = Release|Any CPU
		{9870B337-0C0A-4BEA-B80F-FA70F12744BD}.Debug|Any CPU.ActiveCfg = Debug|Any CPU
		{9870B337-0C0A-4BEA-B80F-FA70F12744BD}.Debug|Any CPU.Build.0 = Debug|Any CPU
		{9870B337-0C0A-4BEA-B80F-FA70F12744BD}.Debug|x64.ActiveCfg = Debug|Any CPU
		{9870B337-0C0A-4BEA-B80F-FA70F12744BD}.Debug|x64.Build.0 = Debug|Any CPU
		{9870B337-0C0A-4BEA-B80F-FA70F12744BD}.Debug|x86.ActiveCfg = Debug|Any CPU
		{9870B337-0C0A-4BEA-B80F-FA70F12744BD}.Debug|x86.Build.0 = Debug|Any CPU
		{9870B337-0C0A-4BEA-B80F-FA70F12744BD}.OpenTK|Any CPU.ActiveCfg = Release|Any CPU
		{9870B337-0C0A-4BEA-B80F-FA70F12744BD}.OpenTK|Any CPU.Build.0 = Release|Any CPU
		{9870B337-0C0A-4BEA-B80F-FA70F12744BD}.OpenTK|x64.ActiveCfg = Release|Any CPU
		{9870B337-0C0A-4BEA-B80F-FA70F12744BD}.OpenTK|x64.Build.0 = Release|Any CPU
		{9870B337-0C0A-4BEA-B80F-FA70F12744BD}.OpenTK|x86.ActiveCfg = Release|Any CPU
		{9870B337-0C0A-4BEA-B80F-FA70F12744BD}.OpenTK|x86.Build.0 = Release|Any CPU
		{9870B337-0C0A-4BEA-B80F-FA70F12744BD}.Release|Any CPU.ActiveCfg = Release|Any CPU
		{9870B337-0C0A-4BEA-B80F-FA70F12744BD}.Release|Any CPU.Build.0 = Release|Any CPU
		{9870B337-0C0A-4BEA-B80F-FA70F12744BD}.Release|x64.ActiveCfg = Release|Any CPU
		{9870B337-0C0A-4BEA-B80F-FA70F12744BD}.Release|x64.Build.0 = Release|Any CPU
		{9870B337-0C0A-4BEA-B80F-FA70F12744BD}.Release|x86.ActiveCfg = Release|Any CPU
		{9870B337-0C0A-4BEA-B80F-FA70F12744BD}.Release|x86.Build.0 = Release|Any CPU
		{9870B337-0C0A-4BEA-B80F-FA70F12744BD}.Standalone|Any CPU.ActiveCfg = Release|Any CPU
		{9870B337-0C0A-4BEA-B80F-FA70F12744BD}.Standalone|Any CPU.Build.0 = Release|Any CPU
		{9870B337-0C0A-4BEA-B80F-FA70F12744BD}.Standalone|x64.ActiveCfg = Release|Any CPU
		{9870B337-0C0A-4BEA-B80F-FA70F12744BD}.Standalone|x64.Build.0 = Release|Any CPU
		{9870B337-0C0A-4BEA-B80F-FA70F12744BD}.Standalone|x86.ActiveCfg = Release|Any CPU
		{9870B337-0C0A-4BEA-B80F-FA70F12744BD}.Standalone|x86.Build.0 = Release|Any CPU
		{BA7C2434-3D92-4021-B4F1-BB53B207CC65}.Debug|Any CPU.ActiveCfg = Debug|Any CPU
		{BA7C2434-3D92-4021-B4F1-BB53B207CC65}.Debug|Any CPU.Build.0 = Debug|Any CPU
		{BA7C2434-3D92-4021-B4F1-BB53B207CC65}.Debug|x64.ActiveCfg = Debug|Any CPU
		{BA7C2434-3D92-4021-B4F1-BB53B207CC65}.Debug|x64.Build.0 = Debug|Any CPU
		{BA7C2434-3D92-4021-B4F1-BB53B207CC65}.Debug|x86.ActiveCfg = Debug|Any CPU
		{BA7C2434-3D92-4021-B4F1-BB53B207CC65}.Debug|x86.Build.0 = Debug|Any CPU
		{BA7C2434-3D92-4021-B4F1-BB53B207CC65}.OpenTK|Any CPU.ActiveCfg = Release|Any CPU
		{BA7C2434-3D92-4021-B4F1-BB53B207CC65}.OpenTK|Any CPU.Build.0 = Release|Any CPU
		{BA7C2434-3D92-4021-B4F1-BB53B207CC65}.OpenTK|x64.ActiveCfg = Release|Any CPU
		{BA7C2434-3D92-4021-B4F1-BB53B207CC65}.OpenTK|x64.Build.0 = Release|Any CPU
		{BA7C2434-3D92-4021-B4F1-BB53B207CC65}.OpenTK|x86.ActiveCfg = Release|Any CPU
		{BA7C2434-3D92-4021-B4F1-BB53B207CC65}.OpenTK|x86.Build.0 = Release|Any CPU
		{BA7C2434-3D92-4021-B4F1-BB53B207CC65}.Release|Any CPU.ActiveCfg = Release|Any CPU
		{BA7C2434-3D92-4021-B4F1-BB53B207CC65}.Release|Any CPU.Build.0 = Release|Any CPU
		{BA7C2434-3D92-4021-B4F1-BB53B207CC65}.Release|x64.ActiveCfg = Release|Any CPU
		{BA7C2434-3D92-4021-B4F1-BB53B207CC65}.Release|x64.Build.0 = Release|Any CPU
		{BA7C2434-3D92-4021-B4F1-BB53B207CC65}.Release|x86.ActiveCfg = Release|Any CPU
		{BA7C2434-3D92-4021-B4F1-BB53B207CC65}.Release|x86.Build.0 = Release|Any CPU
		{BA7C2434-3D92-4021-B4F1-BB53B207CC65}.Standalone|Any CPU.ActiveCfg = Release|Any CPU
		{BA7C2434-3D92-4021-B4F1-BB53B207CC65}.Standalone|Any CPU.Build.0 = Release|Any CPU
		{BA7C2434-3D92-4021-B4F1-BB53B207CC65}.Standalone|x64.ActiveCfg = Release|Any CPU
		{BA7C2434-3D92-4021-B4F1-BB53B207CC65}.Standalone|x64.Build.0 = Release|Any CPU
		{BA7C2434-3D92-4021-B4F1-BB53B207CC65}.Standalone|x86.ActiveCfg = Release|Any CPU
		{BA7C2434-3D92-4021-B4F1-BB53B207CC65}.Standalone|x86.Build.0 = Release|Any CPU
		{D22C8AE1-D42E-4906-B0B9-12C54212D4B2}.Debug|Any CPU.ActiveCfg = Debug|Any CPU
		{D22C8AE1-D42E-4906-B0B9-12C54212D4B2}.Debug|Any CPU.Build.0 = Debug|Any CPU
		{D22C8AE1-D42E-4906-B0B9-12C54212D4B2}.Debug|x64.ActiveCfg = Debug|Any CPU
		{D22C8AE1-D42E-4906-B0B9-12C54212D4B2}.Debug|x64.Build.0 = Debug|Any CPU
		{D22C8AE1-D42E-4906-B0B9-12C54212D4B2}.Debug|x86.ActiveCfg = Debug|Any CPU
		{D22C8AE1-D42E-4906-B0B9-12C54212D4B2}.Debug|x86.Build.0 = Debug|Any CPU
		{D22C8AE1-D42E-4906-B0B9-12C54212D4B2}.OpenTK|Any CPU.ActiveCfg = Debug|Any CPU
		{D22C8AE1-D42E-4906-B0B9-12C54212D4B2}.OpenTK|Any CPU.Build.0 = Debug|Any CPU
		{D22C8AE1-D42E-4906-B0B9-12C54212D4B2}.OpenTK|x64.ActiveCfg = Debug|Any CPU
		{D22C8AE1-D42E-4906-B0B9-12C54212D4B2}.OpenTK|x64.Build.0 = Debug|Any CPU
		{D22C8AE1-D42E-4906-B0B9-12C54212D4B2}.OpenTK|x86.ActiveCfg = Debug|Any CPU
		{D22C8AE1-D42E-4906-B0B9-12C54212D4B2}.OpenTK|x86.Build.0 = Debug|Any CPU
		{D22C8AE1-D42E-4906-B0B9-12C54212D4B2}.Release|Any CPU.ActiveCfg = Release|Any CPU
		{D22C8AE1-D42E-4906-B0B9-12C54212D4B2}.Release|Any CPU.Build.0 = Release|Any CPU
		{D22C8AE1-D42E-4906-B0B9-12C54212D4B2}.Release|x64.ActiveCfg = Release|Any CPU
		{D22C8AE1-D42E-4906-B0B9-12C54212D4B2}.Release|x64.Build.0 = Release|Any CPU
		{D22C8AE1-D42E-4906-B0B9-12C54212D4B2}.Release|x86.ActiveCfg = Release|Any CPU
		{D22C8AE1-D42E-4906-B0B9-12C54212D4B2}.Release|x86.Build.0 = Release|Any CPU
		{D22C8AE1-D42E-4906-B0B9-12C54212D4B2}.Standalone|Any CPU.ActiveCfg = Debug|Any CPU
		{D22C8AE1-D42E-4906-B0B9-12C54212D4B2}.Standalone|Any CPU.Build.0 = Debug|Any CPU
		{D22C8AE1-D42E-4906-B0B9-12C54212D4B2}.Standalone|x64.ActiveCfg = Debug|Any CPU
		{D22C8AE1-D42E-4906-B0B9-12C54212D4B2}.Standalone|x64.Build.0 = Debug|Any CPU
		{D22C8AE1-D42E-4906-B0B9-12C54212D4B2}.Standalone|x86.ActiveCfg = Debug|Any CPU
		{D22C8AE1-D42E-4906-B0B9-12C54212D4B2}.Standalone|x86.Build.0 = Debug|Any CPU
		{DA123868-1D3C-4A30-9F56-DFC09809371F}.Debug|Any CPU.ActiveCfg = Debug|Any CPU
		{DA123868-1D3C-4A30-9F56-DFC09809371F}.Debug|Any CPU.Build.0 = Debug|Any CPU
		{DA123868-1D3C-4A30-9F56-DFC09809371F}.Debug|x64.ActiveCfg = Debug|Any CPU
		{DA123868-1D3C-4A30-9F56-DFC09809371F}.Debug|x64.Build.0 = Debug|Any CPU
		{DA123868-1D3C-4A30-9F56-DFC09809371F}.Debug|x86.ActiveCfg = Debug|Any CPU
		{DA123868-1D3C-4A30-9F56-DFC09809371F}.Debug|x86.Build.0 = Debug|Any CPU
		{DA123868-1D3C-4A30-9F56-DFC09809371F}.OpenTK|Any CPU.ActiveCfg = Debug|Any CPU
		{DA123868-1D3C-4A30-9F56-DFC09809371F}.OpenTK|Any CPU.Build.0 = Debug|Any CPU
		{DA123868-1D3C-4A30-9F56-DFC09809371F}.OpenTK|x64.ActiveCfg = Debug|Any CPU
		{DA123868-1D3C-4A30-9F56-DFC09809371F}.OpenTK|x64.Build.0 = Debug|Any CPU
		{DA123868-1D3C-4A30-9F56-DFC09809371F}.OpenTK|x86.ActiveCfg = Debug|Any CPU
		{DA123868-1D3C-4A30-9F56-DFC09809371F}.OpenTK|x86.Build.0 = Debug|Any CPU
		{DA123868-1D3C-4A30-9F56-DFC09809371F}.Release|Any CPU.ActiveCfg = Release|Any CPU
		{DA123868-1D3C-4A30-9F56-DFC09809371F}.Release|Any CPU.Build.0 = Release|Any CPU
		{DA123868-1D3C-4A30-9F56-DFC09809371F}.Release|x64.ActiveCfg = Release|Any CPU
		{DA123868-1D3C-4A30-9F56-DFC09809371F}.Release|x64.Build.0 = Release|Any CPU
		{DA123868-1D3C-4A30-9F56-DFC09809371F}.Release|x86.ActiveCfg = Release|Any CPU
		{DA123868-1D3C-4A30-9F56-DFC09809371F}.Release|x86.Build.0 = Release|Any CPU
		{DA123868-1D3C-4A30-9F56-DFC09809371F}.Standalone|Any CPU.ActiveCfg = Debug|Any CPU
		{DA123868-1D3C-4A30-9F56-DFC09809371F}.Standalone|Any CPU.Build.0 = Debug|Any CPU
		{DA123868-1D3C-4A30-9F56-DFC09809371F}.Standalone|x64.ActiveCfg = Debug|Any CPU
		{DA123868-1D3C-4A30-9F56-DFC09809371F}.Standalone|x64.Build.0 = Debug|Any CPU
		{DA123868-1D3C-4A30-9F56-DFC09809371F}.Standalone|x86.ActiveCfg = Debug|Any CPU
		{DA123868-1D3C-4A30-9F56-DFC09809371F}.Standalone|x86.Build.0 = Debug|Any CPU
		{BB34F8C4-CE09-44C1-9883-77B4EFBE371F}.Debug|Any CPU.ActiveCfg = Debug|Any CPU
		{BB34F8C4-CE09-44C1-9883-77B4EFBE371F}.Debug|Any CPU.Build.0 = Debug|Any CPU
		{BB34F8C4-CE09-44C1-9883-77B4EFBE371F}.Debug|x64.ActiveCfg = Debug|Any CPU
		{BB34F8C4-CE09-44C1-9883-77B4EFBE371F}.Debug|x64.Build.0 = Debug|Any CPU
		{BB34F8C4-CE09-44C1-9883-77B4EFBE371F}.Debug|x86.ActiveCfg = Debug|Any CPU
		{BB34F8C4-CE09-44C1-9883-77B4EFBE371F}.Debug|x86.Build.0 = Debug|Any CPU
		{BB34F8C4-CE09-44C1-9883-77B4EFBE371F}.OpenTK|Any CPU.ActiveCfg = OpenTK|Any CPU
		{BB34F8C4-CE09-44C1-9883-77B4EFBE371F}.OpenTK|Any CPU.Build.0 = OpenTK|Any CPU
		{BB34F8C4-CE09-44C1-9883-77B4EFBE371F}.OpenTK|x64.ActiveCfg = OpenTK|Any CPU
		{BB34F8C4-CE09-44C1-9883-77B4EFBE371F}.OpenTK|x64.Build.0 = OpenTK|Any CPU
		{BB34F8C4-CE09-44C1-9883-77B4EFBE371F}.OpenTK|x86.ActiveCfg = OpenTK|Any CPU
		{BB34F8C4-CE09-44C1-9883-77B4EFBE371F}.OpenTK|x86.Build.0 = OpenTK|Any CPU
		{BB34F8C4-CE09-44C1-9883-77B4EFBE371F}.Release|Any CPU.ActiveCfg = Debug|Any CPU
		{BB34F8C4-CE09-44C1-9883-77B4EFBE371F}.Release|Any CPU.Build.0 = Debug|Any CPU
		{BB34F8C4-CE09-44C1-9883-77B4EFBE371F}.Release|x64.ActiveCfg = Debug|Any CPU
		{BB34F8C4-CE09-44C1-9883-77B4EFBE371F}.Release|x64.Build.0 = Debug|Any CPU
		{BB34F8C4-CE09-44C1-9883-77B4EFBE371F}.Release|x86.ActiveCfg = Debug|Any CPU
		{BB34F8C4-CE09-44C1-9883-77B4EFBE371F}.Release|x86.Build.0 = Debug|Any CPU
		{BB34F8C4-CE09-44C1-9883-77B4EFBE371F}.Standalone|Any CPU.ActiveCfg = Standalone|Any CPU
		{BB34F8C4-CE09-44C1-9883-77B4EFBE371F}.Standalone|Any CPU.Build.0 = Standalone|Any CPU
		{BB34F8C4-CE09-44C1-9883-77B4EFBE371F}.Standalone|x64.ActiveCfg = Standalone|Any CPU
		{BB34F8C4-CE09-44C1-9883-77B4EFBE371F}.Standalone|x64.Build.0 = Standalone|Any CPU
		{BB34F8C4-CE09-44C1-9883-77B4EFBE371F}.Standalone|x86.ActiveCfg = Standalone|Any CPU
		{BB34F8C4-CE09-44C1-9883-77B4EFBE371F}.Standalone|x86.Build.0 = Standalone|Any CPU
	EndGlobalSection
	GlobalSection(SolutionProperties) = preSolution
		HideSolutionNode = FALSE
	EndGlobalSection
	GlobalSection(ExtensibilityGlobals) = postSolution
		SolutionGuid = {C390012C-6A45-45D4-811D-9AFDE2DCF591}
	EndGlobalSection
EndGlobal
