
Microsoft Visual Studio Solution File, Format Version 12.00
# Visual Studio Version 16
VisualStudioVersion = 16.0.28721.148
MinimumVisualStudioVersion = 15.0.26124.0
Project("{9A19103F-16F7-4668-BE54-9A1E7A4F7556}") = "Core", "Core\Core.csproj", "{F1C01EB2-D6B9-4A51-A8F5-CA14F75E25EF}"
	ProjectSection(ProjectDependencies) = postProject
		{35B21608-4547-458B-8754-917290B8901A} = {35B21608-4547-458B-8754-917290B8901A}
		{9870B337-0C0A-4BEA-B80F-FA70F12744BD} = {9870B337-0C0A-4BEA-B80F-FA70F12744BD}
	EndProjectSection
EndProject
Project("{9A19103F-16F7-4668-BE54-9A1E7A4F7556}") = "GraphicViewer", "MMOGame\GraphicViewer.csproj", "{C5AF1D97-45A6-43E3-BEB6-AF54496C8BF0}"
	ProjectSection(ProjectDependencies) = postProject
		{F1C01EB2-D6B9-4A51-A8F5-CA14F75E25EF} = {F1C01EB2-D6B9-4A51-A8F5-CA14F75E25EF}
	EndProjectSection
EndProject
Project("{9A19103F-16F7-4668-BE54-9A1E7A4F7556}") = "ConsoleServer", "ConsoleServer\ConsoleServer.csproj", "{61C8127A-4F97-4A86-81B7-05F0506E4449}"
	ProjectSection(ProjectDependencies) = postProject
		{F1C01EB2-D6B9-4A51-A8F5-CA14F75E25EF} = {F1C01EB2-D6B9-4A51-A8F5-CA14F75E25EF}
		{17BDD9E6-3194-4E63-88B9-E46342D2CB65} = {17BDD9E6-3194-4E63-88B9-E46342D2CB65}
	EndProjectSection
EndProject
Project("{9A19103F-16F7-4668-BE54-9A1E7A4F7556}") = "CoreGame", "Game\CoreGame.csproj", "{17BDD9E6-3194-4E63-88B9-E46342D2CB65}"
EndProject
Project("{9A19103F-16F7-4668-BE54-9A1E7A4F7556}") = "EQS", "Submodules\EQS\EQS\EQS.csproj", "{9870B337-0C0A-4BEA-B80F-FA70F12744BD}"
EndProject
Project("{9A19103F-16F7-4668-BE54-9A1E7A4F7556}") = "NUnitTestEQS", "Submodules\EQS\NUnitTestEQS\NUnitTestEQS.csproj", "{BA7C2434-3D92-4021-B4F1-BB53B207CC65}"
EndProject
Project("{9A19103F-16F7-4668-BE54-9A1E7A4F7556}") = "PGB", "Submodules\PGB\PGB.csproj", "{35B21608-4547-458B-8754-917290B8901A}"
EndProject
Global
	GlobalSection(SolutionConfigurationPlatforms) = preSolution
		Debug|Any CPU = Debug|Any CPU
		Debug|x64 = Debug|x64
		Debug|x86 = Debug|x86
		Release|Any CPU = Release|Any CPU
		Release|x64 = Release|x64
		Release|x86 = Release|x86
	EndGlobalSection
	GlobalSection(ProjectConfigurationPlatforms) = postSolution
		{F1C01EB2-D6B9-4A51-A8F5-CA14F75E25EF}.Debug|Any CPU.ActiveCfg = Debug|Any CPU
		{F1C01EB2-D6B9-4A51-A8F5-CA14F75E25EF}.Debug|Any CPU.Build.0 = Debug|Any CPU
		{F1C01EB2-D6B9-4A51-A8F5-CA14F75E25EF}.Debug|x64.ActiveCfg = Debug|Any CPU
		{F1C01EB2-D6B9-4A51-A8F5-CA14F75E25EF}.Debug|x64.Build.0 = Debug|Any CPU
		{F1C01EB2-D6B9-4A51-A8F5-CA14F75E25EF}.Debug|x86.ActiveCfg = Debug|Any CPU
		{F1C01EB2-D6B9-4A51-A8F5-CA14F75E25EF}.Debug|x86.Build.0 = Debug|Any CPU
		{F1C01EB2-D6B9-4A51-A8F5-CA14F75E25EF}.Release|Any CPU.ActiveCfg = Release|Any CPU
		{F1C01EB2-D6B9-4A51-A8F5-CA14F75E25EF}.Release|Any CPU.Build.0 = Release|Any CPU
		{F1C01EB2-D6B9-4A51-A8F5-CA14F75E25EF}.Release|x64.ActiveCfg = Release|Any CPU
		{F1C01EB2-D6B9-4A51-A8F5-CA14F75E25EF}.Release|x64.Build.0 = Release|Any CPU
		{F1C01EB2-D6B9-4A51-A8F5-CA14F75E25EF}.Release|x86.ActiveCfg = Release|Any CPU
		{F1C01EB2-D6B9-4A51-A8F5-CA14F75E25EF}.Release|x86.Build.0 = Release|Any CPU
		{C5AF1D97-45A6-43E3-BEB6-AF54496C8BF0}.Debug|Any CPU.ActiveCfg = Debug|Any CPU
		{C5AF1D97-45A6-43E3-BEB6-AF54496C8BF0}.Debug|Any CPU.Build.0 = Debug|Any CPU
		{C5AF1D97-45A6-43E3-BEB6-AF54496C8BF0}.Debug|x64.ActiveCfg = Debug|Any CPU
		{C5AF1D97-45A6-43E3-BEB6-AF54496C8BF0}.Debug|x64.Build.0 = Debug|Any CPU
		{C5AF1D97-45A6-43E3-BEB6-AF54496C8BF0}.Debug|x86.ActiveCfg = Debug|Any CPU
		{C5AF1D97-45A6-43E3-BEB6-AF54496C8BF0}.Debug|x86.Build.0 = Debug|Any CPU
		{C5AF1D97-45A6-43E3-BEB6-AF54496C8BF0}.Release|Any CPU.ActiveCfg = Release|Any CPU
		{C5AF1D97-45A6-43E3-BEB6-AF54496C8BF0}.Release|Any CPU.Build.0 = Release|Any CPU
		{C5AF1D97-45A6-43E3-BEB6-AF54496C8BF0}.Release|x64.ActiveCfg = Release|Any CPU
		{C5AF1D97-45A6-43E3-BEB6-AF54496C8BF0}.Release|x64.Build.0 = Release|Any CPU
		{C5AF1D97-45A6-43E3-BEB6-AF54496C8BF0}.Release|x86.ActiveCfg = Release|Any CPU
		{C5AF1D97-45A6-43E3-BEB6-AF54496C8BF0}.Release|x86.Build.0 = Release|Any CPU
		{61C8127A-4F97-4A86-81B7-05F0506E4449}.Debug|Any CPU.ActiveCfg = Debug|Any CPU
		{61C8127A-4F97-4A86-81B7-05F0506E4449}.Debug|Any CPU.Build.0 = Debug|Any CPU
		{61C8127A-4F97-4A86-81B7-05F0506E4449}.Debug|x64.ActiveCfg = Debug|Any CPU
		{61C8127A-4F97-4A86-81B7-05F0506E4449}.Debug|x64.Build.0 = Debug|Any CPU
		{61C8127A-4F97-4A86-81B7-05F0506E4449}.Debug|x86.ActiveCfg = Debug|Any CPU
		{61C8127A-4F97-4A86-81B7-05F0506E4449}.Debug|x86.Build.0 = Debug|Any CPU
		{61C8127A-4F97-4A86-81B7-05F0506E4449}.Release|Any CPU.ActiveCfg = Release|Any CPU
		{61C8127A-4F97-4A86-81B7-05F0506E4449}.Release|Any CPU.Build.0 = Release|Any CPU
		{61C8127A-4F97-4A86-81B7-05F0506E4449}.Release|x64.ActiveCfg = Release|Any CPU
		{61C8127A-4F97-4A86-81B7-05F0506E4449}.Release|x64.Build.0 = Release|Any CPU
		{61C8127A-4F97-4A86-81B7-05F0506E4449}.Release|x86.ActiveCfg = Release|Any CPU
		{61C8127A-4F97-4A86-81B7-05F0506E4449}.Release|x86.Build.0 = Release|Any CPU
		{17BDD9E6-3194-4E63-88B9-E46342D2CB65}.Debug|Any CPU.ActiveCfg = Debug|Any CPU
		{17BDD9E6-3194-4E63-88B9-E46342D2CB65}.Debug|Any CPU.Build.0 = Debug|Any CPU
		{17BDD9E6-3194-4E63-88B9-E46342D2CB65}.Debug|x64.ActiveCfg = Debug|Any CPU
		{17BDD9E6-3194-4E63-88B9-E46342D2CB65}.Debug|x64.Build.0 = Debug|Any CPU
		{17BDD9E6-3194-4E63-88B9-E46342D2CB65}.Debug|x86.ActiveCfg = Debug|Any CPU
		{17BDD9E6-3194-4E63-88B9-E46342D2CB65}.Debug|x86.Build.0 = Debug|Any CPU
		{17BDD9E6-3194-4E63-88B9-E46342D2CB65}.Release|Any CPU.ActiveCfg = Release|Any CPU
		{17BDD9E6-3194-4E63-88B9-E46342D2CB65}.Release|Any CPU.Build.0 = Release|Any CPU
		{17BDD9E6-3194-4E63-88B9-E46342D2CB65}.Release|x64.ActiveCfg = Release|Any CPU
		{17BDD9E6-3194-4E63-88B9-E46342D2CB65}.Release|x64.Build.0 = Release|Any CPU
		{17BDD9E6-3194-4E63-88B9-E46342D2CB65}.Release|x86.ActiveCfg = Release|Any CPU
		{17BDD9E6-3194-4E63-88B9-E46342D2CB65}.Release|x86.Build.0 = Release|Any CPU
		{9870B337-0C0A-4BEA-B80F-FA70F12744BD}.Debug|Any CPU.ActiveCfg = Debug|Any CPU
		{9870B337-0C0A-4BEA-B80F-FA70F12744BD}.Debug|Any CPU.Build.0 = Debug|Any CPU
		{9870B337-0C0A-4BEA-B80F-FA70F12744BD}.Debug|x64.ActiveCfg = Debug|Any CPU
		{9870B337-0C0A-4BEA-B80F-FA70F12744BD}.Debug|x64.Build.0 = Debug|Any CPU
		{9870B337-0C0A-4BEA-B80F-FA70F12744BD}.Debug|x86.ActiveCfg = Debug|Any CPU
		{9870B337-0C0A-4BEA-B80F-FA70F12744BD}.Debug|x86.Build.0 = Debug|Any CPU
		{9870B337-0C0A-4BEA-B80F-FA70F12744BD}.Release|Any CPU.ActiveCfg = Release|Any CPU
		{9870B337-0C0A-4BEA-B80F-FA70F12744BD}.Release|Any CPU.Build.0 = Release|Any CPU
		{9870B337-0C0A-4BEA-B80F-FA70F12744BD}.Release|x64.ActiveCfg = Release|Any CPU
		{9870B337-0C0A-4BEA-B80F-FA70F12744BD}.Release|x64.Build.0 = Release|Any CPU
		{9870B337-0C0A-4BEA-B80F-FA70F12744BD}.Release|x86.ActiveCfg = Release|Any CPU
		{9870B337-0C0A-4BEA-B80F-FA70F12744BD}.Release|x86.Build.0 = Release|Any CPU
		{BA7C2434-3D92-4021-B4F1-BB53B207CC65}.Debug|Any CPU.ActiveCfg = Debug|Any CPU
		{BA7C2434-3D92-4021-B4F1-BB53B207CC65}.Debug|Any CPU.Build.0 = Debug|Any CPU
		{BA7C2434-3D92-4021-B4F1-BB53B207CC65}.Debug|x64.ActiveCfg = Debug|Any CPU
		{BA7C2434-3D92-4021-B4F1-BB53B207CC65}.Debug|x64.Build.0 = Debug|Any CPU
		{BA7C2434-3D92-4021-B4F1-BB53B207CC65}.Debug|x86.ActiveCfg = Debug|Any CPU
		{BA7C2434-3D92-4021-B4F1-BB53B207CC65}.Debug|x86.Build.0 = Debug|Any CPU
		{BA7C2434-3D92-4021-B4F1-BB53B207CC65}.Release|Any CPU.ActiveCfg = Release|Any CPU
		{BA7C2434-3D92-4021-B4F1-BB53B207CC65}.Release|Any CPU.Build.0 = Release|Any CPU
		{BA7C2434-3D92-4021-B4F1-BB53B207CC65}.Release|x64.ActiveCfg = Release|Any CPU
		{BA7C2434-3D92-4021-B4F1-BB53B207CC65}.Release|x64.Build.0 = Release|Any CPU
		{BA7C2434-3D92-4021-B4F1-BB53B207CC65}.Release|x86.ActiveCfg = Release|Any CPU
		{BA7C2434-3D92-4021-B4F1-BB53B207CC65}.Release|x86.Build.0 = Release|Any CPU
		{35B21608-4547-458B-8754-917290B8901A}.Debug|Any CPU.ActiveCfg = Debug|Any CPU
		{35B21608-4547-458B-8754-917290B8901A}.Debug|Any CPU.Build.0 = Debug|Any CPU
		{35B21608-4547-458B-8754-917290B8901A}.Debug|x64.ActiveCfg = Debug|Any CPU
		{35B21608-4547-458B-8754-917290B8901A}.Debug|x64.Build.0 = Debug|Any CPU
		{35B21608-4547-458B-8754-917290B8901A}.Debug|x86.ActiveCfg = Debug|Any CPU
		{35B21608-4547-458B-8754-917290B8901A}.Debug|x86.Build.0 = Debug|Any CPU
		{35B21608-4547-458B-8754-917290B8901A}.Release|Any CPU.ActiveCfg = Release|Any CPU
		{35B21608-4547-458B-8754-917290B8901A}.Release|Any CPU.Build.0 = Release|Any CPU
		{35B21608-4547-458B-8754-917290B8901A}.Release|x64.ActiveCfg = Release|Any CPU
		{35B21608-4547-458B-8754-917290B8901A}.Release|x64.Build.0 = Release|Any CPU
		{35B21608-4547-458B-8754-917290B8901A}.Release|x86.ActiveCfg = Release|Any CPU
		{35B21608-4547-458B-8754-917290B8901A}.Release|x86.Build.0 = Release|Any CPU
	EndGlobalSection
	GlobalSection(SolutionProperties) = preSolution
		HideSolutionNode = FALSE
	EndGlobalSection
	GlobalSection(ExtensibilityGlobals) = postSolution
		SolutionGuid = {C390012C-6A45-45D4-811D-9AFDE2DCF591}
	EndGlobalSection
EndGlobal
